// !$*UTF8*$!
{
	archiveVersion = 1;
	classes = {
	};
	objectVersion = 46;
	objects = {

/* Begin PBXBuildFile section */
		D0CA8AC11DE3C19900077402 /* Sequence.swift in Sources */ = {isa = PBXBuildFile; fileRef = D0CA8AC01DE3C19900077402 /* Sequence.swift */; };
		D0E0333A1E14705F00D04E77 /* Ball.swift in Sources */ = {isa = PBXBuildFile; fileRef = D0E033391E14705F00D04E77 /* Ball.swift */; };
		D0F252551DCFC44E00706DEF /* AppDelegate.swift in Sources */ = {isa = PBXBuildFile; fileRef = D0F252541DCFC44E00706DEF /* AppDelegate.swift */; };
		D0F252571DCFC44F00706DEF /* ViewController.swift in Sources */ = {isa = PBXBuildFile; fileRef = D0F252561DCFC44F00706DEF /* ViewController.swift */; };
		D0F2525A1DCFC44F00706DEF /* Main.storyboard in Resources */ = {isa = PBXBuildFile; fileRef = D0F252581DCFC44F00706DEF /* Main.storyboard */; };
		D0F2525C1DCFC44F00706DEF /* Assets.xcassets in Resources */ = {isa = PBXBuildFile; fileRef = D0F2525B1DCFC44F00706DEF /* Assets.xcassets */; };
		D0F2525F1DCFC44F00706DEF /* LaunchScreen.storyboard in Resources */ = {isa = PBXBuildFile; fileRef = D0F2525D1DCFC44F00706DEF /* LaunchScreen.storyboard */; };
/* End PBXBuildFile section */

/* Begin PBXFileReference section */
		D0CA8AC01DE3C19900077402 /* Sequence.swift */ = {isa = PBXFileReference; fileEncoding = 4; lastKnownFileType = sourcecode.swift; path = Sequence.swift; sourceTree = "<group>"; };
		D0E033391E14705F00D04E77 /* Ball.swift */ = {isa = PBXFileReference; fileEncoding = 4; lastKnownFileType = sourcecode.swift; path = Ball.swift; sourceTree = "<group>"; };
		D0F252511DCFC44E00706DEF /* siteswap.app */ = {isa = PBXFileReference; explicitFileType = wrapper.application; includeInIndex = 0; path = siteswap.app; sourceTree = BUILT_PRODUCTS_DIR; };
		D0F252541DCFC44E00706DEF /* AppDelegate.swift */ = {isa = PBXFileReference; lastKnownFileType = sourcecode.swift; path = AppDelegate.swift; sourceTree = "<group>"; };
		D0F252561DCFC44F00706DEF /* ViewController.swift */ = {isa = PBXFileReference; lastKnownFileType = sourcecode.swift; path = ViewController.swift; sourceTree = "<group>"; };
		D0F252591DCFC44F00706DEF /* Base */ = {isa = PBXFileReference; lastKnownFileType = file.storyboard; name = Base; path = Base.lproj/Main.storyboard; sourceTree = "<group>"; };
		D0F2525B1DCFC44F00706DEF /* Assets.xcassets */ = {isa = PBXFileReference; lastKnownFileType = folder.assetcatalog; path = Assets.xcassets; sourceTree = "<group>"; };
		D0F2525E1DCFC44F00706DEF /* Base */ = {isa = PBXFileReference; lastKnownFileType = file.storyboard; name = Base; path = Base.lproj/LaunchScreen.storyboard; sourceTree = "<group>"; };
		D0F252601DCFC44F00706DEF /* Info.plist */ = {isa = PBXFileReference; lastKnownFileType = text.plist.xml; path = Info.plist; sourceTree = "<group>"; };
/* End PBXFileReference section */

/* Begin PBXFrameworksBuildPhase section */
		D0F2524E1DCFC44E00706DEF /* Frameworks */ = {
			isa = PBXFrameworksBuildPhase;
			buildActionMask = 2147483647;
			files = (
			);
			runOnlyForDeploymentPostprocessing = 0;
		};
/* End PBXFrameworksBuildPhase section */

/* Begin PBXGroup section */
		D0F252481DCFC44E00706DEF = {
			isa = PBXGroup;
			children = (
				D0F252531DCFC44E00706DEF /* siteswap */,
				D0F252521DCFC44E00706DEF /* Products */,
			);
			sourceTree = "<group>";
		};
		D0F252521DCFC44E00706DEF /* Products */ = {
			isa = PBXGroup;
			children = (
				D0F252511DCFC44E00706DEF /* siteswap.app */,
			);
			name = Products;
			sourceTree = "<group>";
		};
		D0F252531DCFC44E00706DEF /* siteswap */ = {
			isa = PBXGroup;
			children = (
				D0F252541DCFC44E00706DEF /* AppDelegate.swift */,
				D0E033391E14705F00D04E77 /* Ball.swift */,
				D0CA8AC01DE3C19900077402 /* Sequence.swift */,
				D0F252561DCFC44F00706DEF /* ViewController.swift */,
				D0F252581DCFC44F00706DEF /* Main.storyboard */,
				D0F2525B1DCFC44F00706DEF /* Assets.xcassets */,
				D0F2525D1DCFC44F00706DEF /* LaunchScreen.storyboard */,
				D0F252601DCFC44F00706DEF /* Info.plist */,
			);
			path = siteswap;
			sourceTree = "<group>";
		};
/* End PBXGroup section */

/* Begin PBXNativeTarget section */
		D0F252501DCFC44E00706DEF /* siteswap */ = {
			isa = PBXNativeTarget;
			buildConfigurationList = D0F252631DCFC44F00706DEF /* Build configuration list for PBXNativeTarget "siteswap" */;
			buildPhases = (
				D0F2524D1DCFC44E00706DEF /* Sources */,
				D0F2524E1DCFC44E00706DEF /* Frameworks */,
				D0F2524F1DCFC44E00706DEF /* Resources */,
			);
			buildRules = (
			);
			dependencies = (
			);
			name = siteswap;
			productName = siteswap;
			productReference = D0F252511DCFC44E00706DEF /* siteswap.app */;
			productType = "com.apple.product-type.application";
		};
/* End PBXNativeTarget section */

/* Begin PBXProject section */
		D0F252491DCFC44E00706DEF /* Project object */ = {
			isa = PBXProject;
			attributes = {
				LastSwiftUpdateCheck = 0810;
				LastUpgradeCheck = 0810;
				ORGANIZATIONNAME = "Peter Zupke";
				TargetAttributes = {
					D0F252501DCFC44E00706DEF = {
						CreatedOnToolsVersion = 8.1;
						ProvisioningStyle = Automatic;
					};
				};
			};
			buildConfigurationList = D0F2524C1DCFC44E00706DEF /* Build configuration list for PBXProject "siteswap" */;
			compatibilityVersion = "Xcode 3.2";
			developmentRegion = English;
			hasScannedForEncodings = 0;
			knownRegions = (
				en,
				Base,
			);
			mainGroup = D0F252481DCFC44E00706DEF;
			productRefGroup = D0F252521DCFC44E00706DEF /* Products */;
			projectDirPath = "";
			projectRoot = "";
			targets = (
				D0F252501DCFC44E00706DEF /* siteswap */,
			);
		};
/* End PBXProject section */

/* Begin PBXResourcesBuildPhase section */
		D0F2524F1DCFC44E00706DEF /* Resources */ = {
			isa = PBXResourcesBuildPhase;
			buildActionMask = 2147483647;
			files = (
				D0F2525F1DCFC44F00706DEF /* LaunchScreen.storyboard in Resources */,
				D0F2525C1DCFC44F00706DEF /* Assets.xcassets in Resources */,
				D0F2525A1DCFC44F00706DEF /* Main.storyboard in Resources */,
			);
			runOnlyForDeploymentPostprocessing = 0;
		};
/* End PBXResourcesBuildPhase section */

/* Begin PBXSourcesBuildPhase section */
		D0F2524D1DCFC44E00706DEF /* Sources */ = {
			isa = PBXSourcesBuildPhase;
			buildActionMask = 2147483647;
			files = (
				D0E0333A1E14705F00D04E77 /* Ball.swift in Sources */,
				D0F252571DCFC44F00706DEF /* ViewController.swift in Sources */,
				D0F252551DCFC44E00706DEF /* AppDelegate.swift in Sources */,
				D0CA8AC11DE3C19900077402 /* Sequence.swift in Sources */,
			);
			runOnlyForDeploymentPostprocessing = 0;
		};
/* End PBXSourcesBuildPhase section */

/* Begin PBXVariantGroup section */
		D0F252581DCFC44F00706DEF /* Main.storyboard */ = {
			isa = PBXVariantGroup;
			children = (
				D0F252591DCFC44F00706DEF /* Base */,
			);
			name = Main.storyboard;
			sourceTree = "<group>";
		};
		D0F2525D1DCFC44F00706DEF /* LaunchScreen.storyboard */ = {
			isa = PBXVariantGroup;
			children = (
				D0F2525E1DCFC44F00706DEF /* Base */,
			);
			name = LaunchScreen.storyboard;
			sourceTree = "<group>";
		};
/* End PBXVariantGroup section */

/* Begin XCBuildConfiguration section */
		D0F252611DCFC44F00706DEF /* Debug */ = {
			isa = XCBuildConfiguration;
			buildSettings = {
				ALWAYS_SEARCH_USER_PATHS = NO;
				CLANG_ANALYZER_NONNULL = YES;
				CLANG_CXX_LANGUAGE_STANDARD = "gnu++0x";
				CLANG_CXX_LIBRARY = "libc++";
				CLANG_ENABLE_MODULES = YES;
				CLANG_ENABLE_OBJC_ARC = YES;
				CLANG_WARN_BOOL_CONVERSION = YES;
				CLANG_WARN_CONSTANT_CONVERSION = YES;
				CLANG_WARN_DIRECT_OBJC_ISA_USAGE = YES_ERROR;
				CLANG_WARN_DOCUMENTATION_COMMENTS = YES;
				CLANG_WARN_EMPTY_BODY = YES;
				CLANG_WARN_ENUM_CONVERSION = YES;
				CLANG_WARN_INFINITE_RECURSION = YES;
				CLANG_WARN_INT_CONVERSION = YES;
				CLANG_WARN_OBJC_ROOT_CLASS = YES_ERROR;
				CLANG_WARN_SUSPICIOUS_MOVES = YES;
				CLANG_WARN_UNREACHABLE_CODE = YES;
				CLANG_WARN__DUPLICATE_METHOD_MATCH = YES;
				"CODE_SIGN_IDENTITY[sdk=iphoneos*]" = "iPhone Developer";
				COPY_PHASE_STRIP = NO;
				DEBUG_INFORMATION_FORMAT = dwarf;
				ENABLE_STRICT_OBJC_MSGSEND = YES;
				ENABLE_TESTABILITY = YES;
				GCC_C_LANGUAGE_STANDARD = gnu99;
				GCC_DYNAMIC_NO_PIC = NO;
				GCC_NO_COMMON_BLOCKS = YES;
				GCC_OPTIMIZATION_LEVEL = 0;
				GCC_PREPROCESSOR_DEFINITIONS = (
					"DEBUG=1",
					"$(inherited)",
				);
				GCC_WARN_64_TO_32_BIT_CONVERSION = YES;
				GCC_WARN_ABOUT_RETURN_TYPE = YES_ERROR;
				GCC_WARN_UNDECLARED_SELECTOR = YES;
				GCC_WARN_UNINITIALIZED_AUTOS = YES_AGGRESSIVE;
				GCC_WARN_UNUSED_FUNCTION = YES;
				GCC_WARN_UNUSED_VARIABLE = YES;
				IPHONEOS_DEPLOYMENT_TARGET = 10.1;
				MTL_ENABLE_DEBUG_INFO = YES;
				ONLY_ACTIVE_ARCH = YES;
				SDKROOT = iphoneos;
				SWIFT_ACTIVE_COMPILATION_CONDITIONS = DEBUG;
				SWIFT_OPTIMIZATION_LEVEL = "-Onone";
				TARGETED_DEVICE_FAMILY = "1,2";
			};
			name = Debug;
		};
		D0F252621DCFC44F00706DEF /* Release */ = {
			isa = XCBuildConfiguration;
			buildSettings = {
				ALWAYS_SEARCH_USER_PATHS = NO;
				CLANG_ANALYZER_NONNULL = YES;
				CLANG_CXX_LANGUAGE_STANDARD = "gnu++0x";
				CLANG_CXX_LIBRARY = "libc++";
				CLANG_ENABLE_MODULES = YES;
				CLANG_ENABLE_OBJC_ARC = YES;
				CLANG_WARN_BOOL_CONVERSION = YES;
				CLANG_WARN_CONSTANT_CONVERSION = YES;
				CLANG_WARN_DIRECT_OBJC_ISA_USAGE = YES_ERROR;
				CLANG_WARN_DOCUMENTATION_COMMENTS = YES;
				CLANG_WARN_EMPTY_BODY = YES;
				CLANG_WARN_ENUM_CONVERSION = YES;
				CLANG_WARN_INFINITE_RECURSION = YES;
				CLANG_WARN_INT_CONVERSION = YES;
				CLANG_WARN_OBJC_ROOT_CLASS = YES_ERROR;
				CLANG_WARN_SUSPICIOUS_MOVES = YES;
				CLANG_WARN_UNREACHABLE_CODE = YES;
				CLANG_WARN__DUPLICATE_METHOD_MATCH = YES;
				"CODE_SIGN_IDENTITY[sdk=iphoneos*]" = "iPhone Developer";
				COPY_PHASE_STRIP = NO;
				DEBUG_INFORMATION_FORMAT = "dwarf-with-dsym";
				ENABLE_NS_ASSERTIONS = NO;
				ENABLE_STRICT_OBJC_MSGSEND = YES;
				GCC_C_LANGUAGE_STANDARD = gnu99;
				GCC_NO_COMMON_BLOCKS = YES;
				GCC_WARN_64_TO_32_BIT_CONVERSION = YES;
				GCC_WARN_ABOUT_RETURN_TYPE = YES_ERROR;
				GCC_WARN_UNDECLARED_SELECTOR = YES;
				GCC_WARN_UNINITIALIZED_AUTOS = YES_AGGRESSIVE;
				GCC_WARN_UNUSED_FUNCTION = YES;
				GCC_WARN_UNUSED_VARIABLE = YES;
				IPHONEOS_DEPLOYMENT_TARGET = 10.1;
				MTL_ENABLE_DEBUG_INFO = NO;
				SDKROOT = iphoneos;
				SWIFT_OPTIMIZATION_LEVEL = "-Owholemodule";
				TARGETED_DEVICE_FAMILY = "1,2";
				VALIDATE_PRODUCT = YES;
			};
			name = Release;
		};
		D0F252641DCFC44F00706DEF /* Debug */ = {
			isa = XCBuildConfiguration;
			buildSettings = {
				ASSETCATALOG_COMPILER_APPICON_NAME = AppIcon;
				INFOPLIST_FILE = siteswap/Info.plist;
				LD_RUNPATH_SEARCH_PATHS = "$(inherited) @executable_path/Frameworks";
				PRODUCT_BUNDLE_IDENTIFIER = pzupke3.siteswap;
				PRODUCT_NAME = "$(TARGET_NAME)";
				SWIFT_VERSION = 3.0;
			};
			name = Debug;
		};
		D0F252651DCFC44F00706DEF /* Release */ = {
			isa = XCBuildConfiguration;
			buildSettings = {
				ASSETCATALOG_COMPILER_APPICON_NAME = AppIcon;
				INFOPLIST_FILE = siteswap/Info.plist;
				LD_RUNPATH_SEARCH_PATHS = "$(inherited) @executable_path/Frameworks";
				PRODUCT_BUNDLE_IDENTIFIER = pzupke3.siteswap;
				PRODUCT_NAME = "$(TARGET_NAME)";
				SWIFT_VERSION = 3.0;
			};
			name = Release;
		};
/* End XCBuildConfiguration section */

/* Begin XCConfigurationList section */
		D0F2524C1DCFC44E00706DEF /* Build configuration list for PBXProject "siteswap" */ = {
			isa = XCConfigurationList;
			buildConfigurations = (
				D0F252611DCFC44F00706DEF /* Debug */,
				D0F252621DCFC44F00706DEF /* Release */,
			);
			defaultConfigurationIsVisible = 0;
			defaultConfigurationName = Release;
		};
		D0F252631DCFC44F00706DEF /* Build configuration list for PBXNativeTarget "siteswap" */ = {
			isa = XCConfigurationList;
			buildConfigurations = (
				D0F252641DCFC44F00706DEF /* Debug */,
				D0F252651DCFC44F00706DEF /* Release */,
			);
			defaultConfigurationIsVisible = 0;
			defaultConfigurationName = Release;
		};
/* End XCConfigurationList section */
	};
	rootObject = D0F252491DCFC44E00706DEF /* Project object */;
}
